
Microsoft Visual Studio Solution File, Format Version 12.00
# Visual Studio Version 17
VisualStudioVersion = 17.3.32929.385
MinimumVisualStudioVersion = 10.0.40219.1
Project("{FAE04EC0-301F-11D3-BF4B-00C04F79EFBC}") = "Sinema Bufe Satis Winforms", "Sinema Bufe Satis Winforms.csproj", "{17DF4130-9752-4769-A6E4-3E6116F5B1D4}"
EndProject
Global
	GlobalSection(SolutionConfigurationPlatforms) = preSolution
		Debug|Any CPU = Debug|Any CPU
		Release|Any CPU = Release|Any CPU
	EndGlobalSection
	GlobalSection(ProjectConfigurationPlatforms) = postSolution
		{17DF4130-9752-4769-A6E4-3E6116F5B1D4}.Debug|Any CPU.ActiveCfg = Debug|Any CPU
		{17DF4130-9752-4769-A6E4-3E6116F5B1D4}.Debug|Any CPU.Build.0 = Debug|Any CPU
		{17DF4130-9752-4769-A6E4-3E6116F5B1D4}.Release|Any CPU.ActiveCfg = Release|Any CPU
		{17DF4130-9752-4769-A6E4-3E6116F5B1D4}.Release|Any CPU.Build.0 = Release|Any CPU
	EndGlobalSection
	GlobalSection(SolutionProperties) = preSolution
		HideSolutionNode = FALSE
	EndGlobalSection
	GlobalSection(ExtensibilityGlobals) = postSolution
		SolutionGuid = {D9A94B64-3605-4672-B2EA-F35CB2EAD459}
	EndGlobalSection
EndGlobal
